
Microsoft Visual Studio Solution File, Format Version 12.00
# Visual Studio Version 17
VisualStudioVersion = 17.5.33502.453
MinimumVisualStudioVersion = 10.0.40219.1
Project("{FAE04EC0-301F-11D3-BF4B-00C04F79EFBC}") = "Lab02", "Lab02\Lab02.csproj", "{2CA6AB9C-9080-4921-A0CD-056AA8AD7359}"
EndProject
Global
	GlobalSection(SolutionConfigurationPlatforms) = preSolution
		Debug|Any CPU = Debug|Any CPU
		Release|Any CPU = Release|Any CPU
	EndGlobalSection
	GlobalSection(ProjectConfigurationPlatforms) = postSolution
		{2CA6AB9C-9080-4921-A0CD-056AA8AD7359}.Debug|Any CPU.ActiveCfg = Debug|Any CPU
		{2CA6AB9C-9080-4921-A0CD-056AA8AD7359}.Debug|Any CPU.Build.0 = Debug|Any CPU
		{2CA6AB9C-9080-4921-A0CD-056AA8AD7359}.Release|Any CPU.ActiveCfg = Release|Any CPU
		{2CA6AB9C-9080-4921-A0CD-056AA8AD7359}.Release|Any CPU.Build.0 = Release|Any CPU
	EndGlobalSection
	GlobalSection(SolutionProperties) = preSolution
		HideSolutionNode = FALSE
	EndGlobalSection
	GlobalSection(ExtensibilityGlobals) = postSolution
		SolutionGuid = {2F1D52E4-55E1-4A4A-9B20-4CBDF645F589}
	EndGlobalSection
EndGlobal
